// !$*UTF8*$!
{
	archiveVersion = 1;
	classes = {
	};
	objectVersion = 46;
	objects = {

/* Begin PBXBuildFile section */
		F2323B0F1D10E23E001061CB /* main.m in Sources */ = {isa = PBXBuildFile; fileRef = F2323B0E1D10E23E001061CB /* main.m */; };
		F2323B171D139FF1001061CB /* MKVStringGenerator.m in Sources */ = {isa = PBXBuildFile; fileRef = F2323B161D139FF1001061CB /* MKVStringGenerator.m */; };
		F2323B311D13A575001061CB /* MWFeedParser.m in Sources */ = {isa = PBXBuildFile; fileRef = F2323B201D13A575001061CB /* MWFeedParser.m */; };
		F2323B321D13A575001061CB /* MWFeedInfo.m in Sources */ = {isa = PBXBuildFile; fileRef = F2323B221D13A575001061CB /* MWFeedInfo.m */; };
		F2323B331D13A575001061CB /* MWFeedItem.m in Sources */ = {isa = PBXBuildFile; fileRef = F2323B241D13A575001061CB /* MWFeedItem.m */; };
		F2323B341D13A575001061CB /* NSString+HTML.m in Sources */ = {isa = PBXBuildFile; fileRef = F2323B271D13A575001061CB /* NSString+HTML.m */; };
		F2323B351D13A575001061CB /* NSDate+InternetDateTime.m in Sources */ = {isa = PBXBuildFile; fileRef = F2323B291D13A575001061CB /* NSDate+InternetDateTime.m */; };
		F2323B361D13A575001061CB /* GTMNSString+HTML.m in Sources */ = {isa = PBXBuildFile; fileRef = F2323B2B1D13A575001061CB /* GTMNSString+HTML.m */; };
		F2323B371D13A575001061CB /* NSString+XMLEntities.m in Sources */ = {isa = PBXBuildFile; fileRef = F2323B2E1D13A575001061CB /* NSString+XMLEntities.m */; };
		F2323B3A1D13A679001061CB /* MKVNewsParser.m in Sources */ = {isa = PBXBuildFile; fileRef = F2323B391D13A679001061CB /* MKVNewsParser.m */; };
/* End PBXBuildFile section */

/* Begin PBXCopyFilesBuildPhase section */
		F2323B091D10E23E001061CB /* CopyFiles */ = {
			isa = PBXCopyFilesBuildPhase;
			buildActionMask = 2147483647;
			dstPath = /usr/share/man/man1/;
			dstSubfolderSpec = 0;
			files = (
			);
			runOnlyForDeploymentPostprocessing = 1;
		};
/* End PBXCopyFilesBuildPhase section */

/* Begin PBXFileReference section */
		F2323B0B1D10E23E001061CB /* Markov */ = {isa = PBXFileReference; explicitFileType = "compiled.mach-o.executable"; includeInIndex = 0; path = Markov; sourceTree = BUILT_PRODUCTS_DIR; };
		F2323B0E1D10E23E001061CB /* main.m */ = {isa = PBXFileReference; lastKnownFileType = sourcecode.c.objc; path = main.m; sourceTree = "<group>"; };
		F2323B151D139FF1001061CB /* MKVStringGenerator.h */ = {isa = PBXFileReference; fileEncoding = 4; lastKnownFileType = sourcecode.c.h; path = MKVStringGenerator.h; sourceTree = "<group>"; };
		F2323B161D139FF1001061CB /* MKVStringGenerator.m */ = {isa = PBXFileReference; fileEncoding = 4; lastKnownFileType = sourcecode.c.objc; path = MKVStringGenerator.m; sourceTree = "<group>"; };
		F2323B1E1D13A575001061CB /* MWFeedParser.h */ = {isa = PBXFileReference; fileEncoding = 4; lastKnownFileType = sourcecode.c.h; path = MWFeedParser.h; sourceTree = "<group>"; };
		F2323B1F1D13A575001061CB /* MWFeedParser_Private.h */ = {isa = PBXFileReference; fileEncoding = 4; lastKnownFileType = sourcecode.c.h; path = MWFeedParser_Private.h; sourceTree = "<group>"; };
		F2323B201D13A575001061CB /* MWFeedParser.m */ = {isa = PBXFileReference; fileEncoding = 4; lastKnownFileType = sourcecode.c.objc; path = MWFeedParser.m; sourceTree = "<group>"; };
		F2323B211D13A575001061CB /* MWFeedInfo.h */ = {isa = PBXFileReference; fileEncoding = 4; lastKnownFileType = sourcecode.c.h; path = MWFeedInfo.h; sourceTree = "<group>"; };
		F2323B221D13A575001061CB /* MWFeedInfo.m */ = {isa = PBXFileReference; fileEncoding = 4; lastKnownFileType = sourcecode.c.objc; path = MWFeedInfo.m; sourceTree = "<group>"; };
		F2323B231D13A575001061CB /* MWFeedItem.h */ = {isa = PBXFileReference; fileEncoding = 4; lastKnownFileType = sourcecode.c.h; path = MWFeedItem.h; sourceTree = "<group>"; };
		F2323B241D13A575001061CB /* MWFeedItem.m */ = {isa = PBXFileReference; fileEncoding = 4; lastKnownFileType = sourcecode.c.objc; path = MWFeedItem.m; sourceTree = "<group>"; };
		F2323B261D13A575001061CB /* NSString+HTML.h */ = {isa = PBXFileReference; fileEncoding = 4; lastKnownFileType = sourcecode.c.h; path = "NSString+HTML.h"; sourceTree = "<group>"; };
		F2323B271D13A575001061CB /* NSString+HTML.m */ = {isa = PBXFileReference; fileEncoding = 4; lastKnownFileType = sourcecode.c.objc; path = "NSString+HTML.m"; sourceTree = "<group>"; };
		F2323B281D13A575001061CB /* NSDate+InternetDateTime.h */ = {isa = PBXFileReference; fileEncoding = 4; lastKnownFileType = sourcecode.c.h; path = "NSDate+InternetDateTime.h"; sourceTree = "<group>"; };
		F2323B291D13A575001061CB /* NSDate+InternetDateTime.m */ = {isa = PBXFileReference; fileEncoding = 4; lastKnownFileType = sourcecode.c.objc; path = "NSDate+InternetDateTime.m"; sourceTree = "<group>"; };
		F2323B2A1D13A575001061CB /* GTMNSString+HTML.h */ = {isa = PBXFileReference; fileEncoding = 4; lastKnownFileType = sourcecode.c.h; path = "GTMNSString+HTML.h"; sourceTree = "<group>"; };
		F2323B2B1D13A575001061CB /* GTMNSString+HTML.m */ = {isa = PBXFileReference; fileEncoding = 4; lastKnownFileType = sourcecode.c.objc; path = "GTMNSString+HTML.m"; sourceTree = "<group>"; };
		F2323B2D1D13A575001061CB /* NSString+XMLEntities.h */ = {isa = PBXFileReference; fileEncoding = 4; lastKnownFileType = sourcecode.c.h; path = "NSString+XMLEntities.h"; sourceTree = "<group>"; };
		F2323B2E1D13A575001061CB /* NSString+XMLEntities.m */ = {isa = PBXFileReference; fileEncoding = 4; lastKnownFileType = sourcecode.c.objc; path = "NSString+XMLEntities.m"; sourceTree = "<group>"; };
		F2323B381D13A679001061CB /* MKVNewsParser.h */ = {isa = PBXFileReference; fileEncoding = 4; lastKnownFileType = sourcecode.c.h; path = MKVNewsParser.h; sourceTree = "<group>"; };
		F2323B391D13A679001061CB /* MKVNewsParser.m */ = {isa = PBXFileReference; fileEncoding = 4; lastKnownFileType = sourcecode.c.objc; path = MKVNewsParser.m; sourceTree = "<group>"; };
/* End PBXFileReference section */

/* Begin PBXFrameworksBuildPhase section */
		F2323B081D10E23E001061CB /* Frameworks */ = {
			isa = PBXFrameworksBuildPhase;
			buildActionMask = 2147483647;
			files = (
			);
			runOnlyForDeploymentPostprocessing = 0;
		};
/* End PBXFrameworksBuildPhase section */

/* Begin PBXGroup section */
		F2323B021D10E23E001061CB = {
			isa = PBXGroup;
			children = (
				F2323B0D1D10E23E001061CB /* Markov */,
				F2323B0C1D10E23E001061CB /* Products */,
			);
			sourceTree = "<group>";
		};
		F2323B0C1D10E23E001061CB /* Products */ = {
			isa = PBXGroup;
			children = (
				F2323B0B1D10E23E001061CB /* Markov */,
			);
			name = Products;
			sourceTree = "<group>";
		};
		F2323B0D1D10E23E001061CB /* Markov */ = {
			isa = PBXGroup;
			children = (
				F2323B251D13A575001061CB /* MWFeedParser */,
				F2323B301D13A575001061CB /* Categories */,
				F2323B0E1D10E23E001061CB /* main.m */,
				F2323B381D13A679001061CB /* MKVNewsParser.h */,
				F2323B391D13A679001061CB /* MKVNewsParser.m */,
				F2323B151D139FF1001061CB /* MKVStringGenerator.h */,
				F2323B161D139FF1001061CB /* MKVStringGenerator.m */,
			);
			path = Markov;
			sourceTree = "<group>";
		};
		F2323B251D13A575001061CB /* MWFeedParser */ = {
			isa = PBXGroup;
			children = (
				F2323B1E1D13A575001061CB /* MWFeedParser.h */,
				F2323B1F1D13A575001061CB /* MWFeedParser_Private.h */,
				F2323B201D13A575001061CB /* MWFeedParser.m */,
				F2323B211D13A575001061CB /* MWFeedInfo.h */,
				F2323B221D13A575001061CB /* MWFeedInfo.m */,
				F2323B231D13A575001061CB /* MWFeedItem.h */,
				F2323B241D13A575001061CB /* MWFeedItem.m */,
			);
			name = MWFeedParser;
			path = "../../../../Downloads/MWFeedParser-master/Classes";
			sourceTree = "<group>";
		};
		F2323B2C1D13A575001061CB /* Google Toolbox for Mac */ = {
			isa = PBXGroup;
			children = (
				F2323B2A1D13A575001061CB /* GTMNSString+HTML.h */,
				F2323B2B1D13A575001061CB /* GTMNSString+HTML.m */,
			);
			name = "Google Toolbox for Mac";
			sourceTree = "<group>";
		};
		F2323B2F1D13A575001061CB /* Depreciated */ = {
			isa = PBXGroup;
			children = (
				F2323B2D1D13A575001061CB /* NSString+XMLEntities.h */,
				F2323B2E1D13A575001061CB /* NSString+XMLEntities.m */,
			);
			name = Depreciated;
			sourceTree = "<group>";
		};
		F2323B301D13A575001061CB /* Categories */ = {
			isa = PBXGroup;
			children = (
				F2323B261D13A575001061CB /* NSString+HTML.h */,
				F2323B271D13A575001061CB /* NSString+HTML.m */,
				F2323B281D13A575001061CB /* NSDate+InternetDateTime.h */,
				F2323B291D13A575001061CB /* NSDate+InternetDateTime.m */,
				F2323B2C1D13A575001061CB /* Google Toolbox for Mac */,
				F2323B2F1D13A575001061CB /* Depreciated */,
			);
			name = Categories;
			path = "../../../../Downloads/MWFeedParser-master/Classes";
			sourceTree = "<group>";
		};
/* End PBXGroup section */

/* Begin PBXNativeTarget section */
		F2323B0A1D10E23E001061CB /* Markov */ = {
			isa = PBXNativeTarget;
			buildConfigurationList = F2323B121D10E23E001061CB /* Build configuration list for PBXNativeTarget "Markov" */;
			buildPhases = (
				F2323B071D10E23E001061CB /* Sources */,
				F2323B081D10E23E001061CB /* Frameworks */,
				F2323B091D10E23E001061CB /* CopyFiles */,
			);
			buildRules = (
			);
			dependencies = (
			);
			name = Markov;
			productName = Markov;
			productReference = F2323B0B1D10E23E001061CB /* Markov */;
			productType = "com.apple.product-type.tool";
		};
/* End PBXNativeTarget section */

/* Begin PBXProject section */
		F2323B031D10E23E001061CB /* Project object */ = {
			isa = PBXProject;
			attributes = {
				LastUpgradeCheck = 0730;
				ORGANIZATIONNAME = "Phillip Tennen";
				TargetAttributes = {
					F2323B0A1D10E23E001061CB = {
						CreatedOnToolsVersion = 7.3.1;
					};
				};
			};
			buildConfigurationList = F2323B061D10E23E001061CB /* Build configuration list for PBXProject "Markov" */;
			compatibilityVersion = "Xcode 3.2";
			developmentRegion = English;
			hasScannedForEncodings = 0;
			knownRegions = (
				en,
			);
			mainGroup = F2323B021D10E23E001061CB;
			productRefGroup = F2323B0C1D10E23E001061CB /* Products */;
			projectDirPath = "";
			projectRoot = "";
			targets = (
				F2323B0A1D10E23E001061CB /* Markov */,
			);
		};
/* End PBXProject section */

/* Begin PBXSourcesBuildPhase section */
		F2323B071D10E23E001061CB /* Sources */ = {
			isa = PBXSourcesBuildPhase;
			buildActionMask = 2147483647;
			files = (
				F2323B3A1D13A679001061CB /* MKVNewsParser.m in Sources */,
				F2323B0F1D10E23E001061CB /* main.m in Sources */,
				F2323B171D139FF1001061CB /* MKVStringGenerator.m in Sources */,
				F2323B331D13A575001061CB /* MWFeedItem.m in Sources */,
				F2323B371D13A575001061CB /* NSString+XMLEntities.m in Sources */,
				F2323B351D13A575001061CB /* NSDate+InternetDateTime.m in Sources */,
				F2323B311D13A575001061CB /* MWFeedParser.m in Sources */,
				F2323B361D13A575001061CB /* GTMNSString+HTML.m in Sources */,
				F2323B341D13A575001061CB /* NSString+HTML.m in Sources */,
				F2323B321D13A575001061CB /* MWFeedInfo.m in Sources */,
			);
			runOnlyForDeploymentPostprocessing = 0;
		};
/* End PBXSourcesBuildPhase section */

/* Begin XCBuildConfiguration section */
		F2323B101D10E23E001061CB /* Debug */ = {
			isa = XCBuildConfiguration;
			buildSettings = {
				ALWAYS_SEARCH_USER_PATHS = NO;
				CLANG_ANALYZER_NONNULL = YES;
				CLANG_CXX_LANGUAGE_STANDARD = "gnu++0x";
				CLANG_CXX_LIBRARY = "libc++";
				CLANG_ENABLE_MODULES = YES;
				CLANG_ENABLE_OBJC_ARC = YES;
				CLANG_WARN_BOOL_CONVERSION = YES;
				CLANG_WARN_CONSTANT_CONVERSION = YES;
				CLANG_WARN_DIRECT_OBJC_ISA_USAGE = YES_ERROR;
				CLANG_WARN_EMPTY_BODY = YES;
				CLANG_WARN_ENUM_CONVERSION = YES;
				CLANG_WARN_INT_CONVERSION = YES;
				CLANG_WARN_OBJC_ROOT_CLASS = YES_ERROR;
				CLANG_WARN_UNREACHABLE_CODE = YES;
				CLANG_WARN__DUPLICATE_METHOD_MATCH = YES;
				CODE_SIGN_IDENTITY = "-";
				COPY_PHASE_STRIP = NO;
				DEBUG_INFORMATION_FORMAT = dwarf;
				ENABLE_STRICT_OBJC_MSGSEND = YES;
				ENABLE_TESTABILITY = YES;
				GCC_C_LANGUAGE_STANDARD = gnu99;
				GCC_DYNAMIC_NO_PIC = NO;
				GCC_NO_COMMON_BLOCKS = YES;
				GCC_OPTIMIZATION_LEVEL = 0;
				GCC_PREPROCESSOR_DEFINITIONS = (
					"DEBUG=1",
					"$(inherited)",
				);
				GCC_WARN_64_TO_32_BIT_CONVERSION = YES;
				GCC_WARN_ABOUT_RETURN_TYPE = YES_ERROR;
				GCC_WARN_UNDECLARED_SELECTOR = YES;
				GCC_WARN_UNINITIALIZED_AUTOS = YES_AGGRESSIVE;
				GCC_WARN_UNUSED_FUNCTION = YES;
				GCC_WARN_UNUSED_VARIABLE = YES;
				MACOSX_DEPLOYMENT_TARGET = 10.11;
				MTL_ENABLE_DEBUG_INFO = YES;
				ONLY_ACTIVE_ARCH = YES;
				SDKROOT = macosx;
			};
			name = Debug;
		};
		F2323B111D10E23E001061CB /* Release */ = {
			isa = XCBuildConfiguration;
			buildSettings = {
				ALWAYS_SEARCH_USER_PATHS = NO;
				CLANG_ANALYZER_NONNULL = YES;
				CLANG_CXX_LANGUAGE_STANDARD = "gnu++0x";
				CLANG_CXX_LIBRARY = "libc++";
				CLANG_ENABLE_MODULES = YES;
				CLANG_ENABLE_OBJC_ARC = YES;
				CLANG_WARN_BOOL_CONVERSION = YES;
				CLANG_WARN_CONSTANT_CONVERSION = YES;
				CLANG_WARN_DIRECT_OBJC_ISA_USAGE = YES_ERROR;
				CLANG_WARN_EMPTY_BODY = YES;
				CLANG_WARN_ENUM_CONVERSION = YES;
				CLANG_WARN_INT_CONVERSION = YES;
				CLANG_WARN_OBJC_ROOT_CLASS = YES_ERROR;
				CLANG_WARN_UNREACHABLE_CODE = YES;
				CLANG_WARN__DUPLICATE_METHOD_MATCH = YES;
				CODE_SIGN_IDENTITY = "-";
				COPY_PHASE_STRIP = NO;
				DEBUG_INFORMATION_FORMAT = "dwarf-with-dsym";
				ENABLE_NS_ASSERTIONS = NO;
				ENABLE_STRICT_OBJC_MSGSEND = YES;
				GCC_C_LANGUAGE_STANDARD = gnu99;
				GCC_NO_COMMON_BLOCKS = YES;
				GCC_WARN_64_TO_32_BIT_CONVERSION = YES;
				GCC_WARN_ABOUT_RETURN_TYPE = YES_ERROR;
				GCC_WARN_UNDECLARED_SELECTOR = YES;
				GCC_WARN_UNINITIALIZED_AUTOS = YES_AGGRESSIVE;
				GCC_WARN_UNUSED_FUNCTION = YES;
				GCC_WARN_UNUSED_VARIABLE = YES;
				MACOSX_DEPLOYMENT_TARGET = 10.11;
				MTL_ENABLE_DEBUG_INFO = NO;
				SDKROOT = macosx;
			};
			name = Release;
		};
		F2323B131D10E23E001061CB /* Debug */ = {
			isa = XCBuildConfiguration;
			buildSettings = {
				PRODUCT_NAME = "$(TARGET_NAME)";
			};
			name = Debug;
		};
		F2323B141D10E23E001061CB /* Release */ = {
			isa = XCBuildConfiguration;
			buildSettings = {
				PRODUCT_NAME = "$(TARGET_NAME)";
			};
			name = Release;
		};
/* End XCBuildConfiguration section */

/* Begin XCConfigurationList section */
		F2323B061D10E23E001061CB /* Build configuration list for PBXProject "Markov" */ = {
			isa = XCConfigurationList;
			buildConfigurations = (
				F2323B101D10E23E001061CB /* Debug */,
				F2323B111D10E23E001061CB /* Release */,
			);
			defaultConfigurationIsVisible = 0;
			defaultConfigurationName = Release;
		};
		F2323B121D10E23E001061CB /* Build configuration list for PBXNativeTarget "Markov" */ = {
			isa = XCConfigurationList;
			buildConfigurations = (
				F2323B131D10E23E001061CB /* Debug */,
				F2323B141D10E23E001061CB /* Release */,
			);
			defaultConfigurationIsVisible = 0;
		};
/* End XCConfigurationList section */
	};
	rootObject = F2323B031D10E23E001061CB /* Project object */;
}
